
Microsoft Visual Studio Solution File, Format Version 12.00
# Visual Studio Version 17
VisualStudioVersion = 17.10.35027.167
MinimumVisualStudioVersion = 10.0.40219.1
Project("{FAE04EC0-301F-11D3-BF4B-00C04F79EFBC}") = "Nexta.Web", "Nexta.Web\Nexta.Web.csproj", "{D35DA379-1D8E-4D33-B77F-7C425A2B6062}"
EndProject
Project("{FAE04EC0-301F-11D3-BF4B-00C04F79EFBC}") = "Nexta.Infrastructure", "Nexta.Infrastructure\Nexta.Infrastructure.csproj", "{B9DCFB8B-4DAE-4784-956E-4DBDE4A852AB}"
EndProject
Project("{FAE04EC0-301F-11D3-BF4B-00C04F79EFBC}") = "Nexta.Domain", "Nexta.Domain\Nexta.Domain.csproj", "{68C19102-E282-9BBA-FE67-942BDBAE45CC}"
EndProject
Project("{FAE04EC0-301F-11D3-BF4B-00C04F79EFBC}") = "Nexta.Application", "Nexta.Application\Nexta.Application.csproj", "{6B244CDD-1C7E-31E3-3426-C7AD7FC25BA3}"
EndProject
Global
	GlobalSection(SolutionConfigurationPlatforms) = preSolution
		Debug|Any CPU = Debug|Any CPU
		Release|Any CPU = Release|Any CPU
	EndGlobalSection
	GlobalSection(ProjectConfigurationPlatforms) = postSolution
		{D35DA379-1D8E-4D33-B77F-7C425A2B6062}.Debug|Any CPU.ActiveCfg = Debug|Any CPU
		{D35DA379-1D8E-4D33-B77F-7C425A2B6062}.Debug|Any CPU.Build.0 = Debug|Any CPU
		{D35DA379-1D8E-4D33-B77F-7C425A2B6062}.Release|Any CPU.ActiveCfg = Release|Any CPU
		{D35DA379-1D8E-4D33-B77F-7C425A2B6062}.Release|Any CPU.Build.0 = Release|Any CPU
		{B9DCFB8B-4DAE-4784-956E-4DBDE4A852AB}.Debug|Any CPU.ActiveCfg = Debug|Any CPU
		{B9DCFB8B-4DAE-4784-956E-4DBDE4A852AB}.Debug|Any CPU.Build.0 = Debug|Any CPU
		{B9DCFB8B-4DAE-4784-956E-4DBDE4A852AB}.Release|Any CPU.ActiveCfg = Release|Any CPU
		{B9DCFB8B-4DAE-4784-956E-4DBDE4A852AB}.Release|Any CPU.Build.0 = Release|Any CPU
		{68C19102-E282-9BBA-FE67-942BDBAE45CC}.Debug|Any CPU.ActiveCfg = Debug|Any CPU
		{68C19102-E282-9BBA-FE67-942BDBAE45CC}.Debug|Any CPU.Build.0 = Debug|Any CPU
		{68C19102-E282-9BBA-FE67-942BDBAE45CC}.Release|Any CPU.ActiveCfg = Release|Any CPU
		{68C19102-E282-9BBA-FE67-942BDBAE45CC}.Release|Any CPU.Build.0 = Release|Any CPU
		{6B244CDD-1C7E-31E3-3426-C7AD7FC25BA3}.Debug|Any CPU.ActiveCfg = Debug|Any CPU
		{6B244CDD-1C7E-31E3-3426-C7AD7FC25BA3}.Debug|Any CPU.Build.0 = Debug|Any CPU
		{6B244CDD-1C7E-31E3-3426-C7AD7FC25BA3}.Release|Any CPU.ActiveCfg = Release|Any CPU
		{6B244CDD-1C7E-31E3-3426-C7AD7FC25BA3}.Release|Any CPU.Build.0 = Release|Any CPU
	EndGlobalSection
	GlobalSection(SolutionProperties) = preSolution
		HideSolutionNode = FALSE
	EndGlobalSection
	GlobalSection(ExtensibilityGlobals) = postSolution
		SolutionGuid = {740BC9B3-B460-4101-8C6E-0A62481C1FE8}
	EndGlobalSection
EndGlobal
